{
  "name": "keymon",
  "version": "1.0.0",
  "lockfileVersion": 3,
  "requires": true,
  "packages": {
    "": {
      "name": "keymon",
      "version": "1.0.0",
      "license": "MIT",
      "dependencies": {
        "keymon": "^1.0.0"
      },
      "bin": {
        "keymon": "collectorjs"
      },
      "engines": {
        "node": ">=14.0.0"
      }
    },
    "node_modules/keymon": {
      "version": "1.0.0",
      "resolved": "https://registry.npmjs.org/keymon/-/keymon-1.0.0.tgz",
      "integrity": "sha512-CHsVqDPl6eL5PhMTzkkc1PzZ80ORvmhi9HciIwavIK/5ACx1mFhw3EPfnfl9b/7ChHCI44T3gyVFIPDdsEvI/w==",
      "license": "MIT",
      "bin": {
        "keymon": "collectorjs"
      },
      "engines": {
        "node": ">=14.0.0"
      }
    }
  }
}
