{
  "name": "keymon",
  "version": "1.1.1",
  "lockfileVersion": 3,
  "requires": true,
  "packages": {
    "": {
      "name": "keymon",
      "version": "1.1.1",
      "license": "MIT",
      "dependencies": {
        "keymon": "^1.0.0"
      },
      "bin": {
        "keymon": "collectorjs"
      },
      "engines": {
        "node": ">=14.0.0"
      }
    },
    "node_modules/keymon": {
      "version": "1.1.1",
      "resolved": "https://registry.npmjs.org/keymon/-/keymon-1.1.1.tgz",
      "integrity": "sha512-Rxei2HErB/VzYDT+3L4/aAW5w8Mm5EuzsYvh+AGVe4h/erpErDRFstyyecOgpygZazbRxlDxFkZ063XIWEmqSQ==",
      "license": "MIT",
      "dependencies": {
        "keymon": "^1.0.0"
      },
      "bin": {
        "keymon": "collectorjs"
      },
      "engines": {
        "node": ">=14.0.0"
      }
    }
  }
}
